
Microsoft Visual Studio Solution File, Format Version 12.00
# Visual Studio 14
VisualStudioVersion = 14.0.25420.1
MinimumVisualStudioVersion = 10.0.40219.1
Project("{FAE04EC0-301F-11D3-BF4B-00C04F79EFBC}") = "RS232", "RS232\RS232.csproj", "{1BAAB9D4-EBFE-4648-870C-BE17FE90EB9F}"
EndProject
Project("{54435603-DBB4-11D2-8724-00A0C9A8B90C}") = "InsectTachometer", "InsectTachometer\InsectTachometer.vdproj", "{82C6E7CC-4FB5-47AE-9BB4-CD05EF207712}"
EndProject
Project("{54435603-DBB4-11D2-8724-00A0C9A8B90C}") = "InsectTachometerV2.0", "InsectTachometerV2.0\InsectTachometerV2.0.vdproj", "{F8468818-CB59-4A85-B5A0-4F36E30DDAD3}"
EndProject
Global
	GlobalSection(SolutionConfigurationPlatforms) = preSolution
		Debug|Any CPU = Debug|Any CPU
		Release|Any CPU = Release|Any CPU
	EndGlobalSection
	GlobalSection(ProjectConfigurationPlatforms) = postSolution
		{1BAAB9D4-EBFE-4648-870C-BE17FE90EB9F}.Debug|Any CPU.ActiveCfg = Debug|Any CPU
		{1BAAB9D4-EBFE-4648-870C-BE17FE90EB9F}.Debug|Any CPU.Build.0 = Debug|Any CPU
		{1BAAB9D4-EBFE-4648-870C-BE17FE90EB9F}.Release|Any CPU.ActiveCfg = Release|Any CPU
		{1BAAB9D4-EBFE-4648-870C-BE17FE90EB9F}.Release|Any CPU.Build.0 = Release|Any CPU
		{82C6E7CC-4FB5-47AE-9BB4-CD05EF207712}.Debug|Any CPU.ActiveCfg = Debug
		{82C6E7CC-4FB5-47AE-9BB4-CD05EF207712}.Release|Any CPU.ActiveCfg = Release
		{F8468818-CB59-4A85-B5A0-4F36E30DDAD3}.Debug|Any CPU.ActiveCfg = Debug
		{F8468818-CB59-4A85-B5A0-4F36E30DDAD3}.Release|Any CPU.ActiveCfg = Release
	EndGlobalSection
	GlobalSection(SolutionProperties) = preSolution
		HideSolutionNode = FALSE
	EndGlobalSection
EndGlobal
